
Microsoft Visual Studio Solution File, Format Version 11.00
# Visual C++ Express 2010
Project("{8BC9CEB8-8B4A-11D0-8D11-00A0C91BC942}") = "jsmn", "jsmn\jsmn.vcxproj", "{5F9CB714-9EC3-478C-9366-1D4843296DE9}"
EndProject
Project("{8BC9CEB8-8B4A-11D0-8D11-00A0C91BC942}") = "phEngine", "solutions\phEngine.vcxproj", "{DAB0EB8A-90A9-4784-B402-051259709091}"
EndProject
Project("{8BC9CEB8-8B4A-11D0-8D11-00A0C91BC942}") = "Tests", "solutions\Tests.vcxproj", "{2E59F360-86FE-4B6F-8474-8860E67EEF50}"
EndProject
Global
	GlobalSection(SolutionConfigurationPlatforms) = preSolution
		Debug|Win32 = Debug|Win32
		Release|Win32 = Release|Win32
	EndGlobalSection
	GlobalSection(ProjectConfigurationPlatforms) = postSolution
		{5F9CB714-9EC3-478C-9366-1D4843296DE9}.Debug|Win32.ActiveCfg = Debug|Win32
		{5F9CB714-9EC3-478C-9366-1D4843296DE9}.Debug|Win32.Build.0 = Debug|Win32
		{5F9CB714-9EC3-478C-9366-1D4843296DE9}.Release|Win32.ActiveCfg = Release|Win32
		{5F9CB714-9EC3-478C-9366-1D4843296DE9}.Release|Win32.Build.0 = Release|Win32
		{DAB0EB8A-90A9-4784-B402-051259709091}.Debug|Win32.ActiveCfg = Debug|Win32
		{DAB0EB8A-90A9-4784-B402-051259709091}.Debug|Win32.Build.0 = Debug|Win32
		{DAB0EB8A-90A9-4784-B402-051259709091}.Release|Win32.ActiveCfg = Release|Win32
		{DAB0EB8A-90A9-4784-B402-051259709091}.Release|Win32.Build.0 = Release|Win32
		{2E59F360-86FE-4B6F-8474-8860E67EEF50}.Debug|Win32.ActiveCfg = Debug|Win32
		{2E59F360-86FE-4B6F-8474-8860E67EEF50}.Debug|Win32.Build.0 = Debug|Win32
		{2E59F360-86FE-4B6F-8474-8860E67EEF50}.Release|Win32.ActiveCfg = Release|Win32
		{2E59F360-86FE-4B6F-8474-8860E67EEF50}.Release|Win32.Build.0 = Release|Win32
	EndGlobalSection
	GlobalSection(SolutionProperties) = preSolution
		HideSolutionNode = FALSE
	EndGlobalSection
EndGlobal
