<ns0:Project xmlns:ns0="http://schemas.microsoft.com/developer/msbuild/2003" ToolsVersion="4.0">
  <ns0:ItemGroup>
    <ns0:ClInclude Include="..\src\phEngine\Application\Component.h">
      <ns0:Filter>Application</ns0:Filter>
    </ns0:ClInclude>
    <ns0:ClInclude Include="..\src\phEngine\Application\WinKeyboardManager.h">
      <ns0:Filter>Application</ns0:Filter>
    </ns0:ClInclude>
    <ns0:ClInclude Include="..\src\phEngine\Application\Controller.h">
      <ns0:Filter>Application</ns0:Filter>
    </ns0:ClInclude>
    <ns0:ClInclude Include="..\src\phEngine\Application\DeviceState.h">
      <ns0:Filter>Application</ns0:Filter>
    </ns0:ClInclude>
    <ns0:ClInclude Include="..\src\phEngine\engine\animation\AnimationComponent.h">
      <ns0:Filter>Engine</ns0:Filter>
    </ns0:ClInclude>
    <ns0:ClInclude Include="..\src\phEngine\engine\camera\Camera.h">
      <ns0:Filter>Engine</ns0:Filter>
    </ns0:ClInclude>
    <ns0:ClInclude Include="..\src\phEngine\Engine\Collision.h">
      <ns0:Filter>Engine</ns0:Filter>
    </ns0:ClInclude>
    <ns0:ClInclude Include="..\src\phEngine\Engine\DXTexture.h">
      <ns0:Filter>Engine</ns0:Filter>
    </ns0:ClInclude>
    <ns0:ClInclude Include="..\src\phEngine\Engine\GameMaster.h">
      <ns0:Filter>Engine</ns0:Filter>
    </ns0:ClInclude>
    <ns0:ClInclude Include="..\src\phEngine\Engine\Helper.h">
      <ns0:Filter>Engine</ns0:Filter>
    </ns0:ClInclude>
    <ns0:ClInclude Include="..\src\phEngine\application\InputManager.h">
      <ns0:Filter>Engine</ns0:Filter>
    </ns0:ClInclude>
    <ns0:ClInclude Include="..\src\phEngine\game\scripting\Instruction.h">
      <ns0:Filter>Engine</ns0:Filter>
    </ns0:ClInclude>
    <ns0:ClInclude Include="..\src\phEngine\Engine\IRenderer.h">
      <ns0:Filter>Engine</ns0:Filter>
    </ns0:ClInclude>
    <ns0:ClInclude Include="..\src\phEngine\Engine\json.h">
      <ns0:Filter>Engine</ns0:Filter>
    </ns0:ClInclude>
    <ns0:ClInclude Include="..\src\phEngine\Engine\Mesh.h">
      <ns0:Filter>Engine</ns0:Filter>
    </ns0:ClInclude>
    <ns0:ClInclude Include="..\src\phEngine\Engine\ObjectPool.h">
      <ns0:Filter>Engine</ns0:Filter>
    </ns0:ClInclude>
    <ns0:ClInclude Include="..\src\phEngine\Engine\phEngine.h">
      <ns0:Filter>Engine</ns0:Filter>
    </ns0:ClInclude>
    <ns0:ClInclude Include="..\src\phEngine\Engine\Renderer.h">
      <ns0:Filter>Engine</ns0:Filter>
    </ns0:ClInclude>
    <ns0:ClInclude Include="..\src\phEngine\Engine\Resource.h">
      <ns0:Filter>Engine</ns0:Filter>
    </ns0:ClInclude>
    <ns0:ClInclude Include="..\src\phEngine\Engine\Shaders.h">
      <ns0:Filter>Engine</ns0:Filter>
    </ns0:ClInclude>
    <ns0:ClInclude Include="..\src\phEngine\Engine\Shapes.h">
      <ns0:Filter>Engine</ns0:Filter>
    </ns0:ClInclude>
    <ns0:ClInclude Include="..\src\phEngine\Engine\stdafx.h">
      <ns0:Filter>Engine</ns0:Filter>
    </ns0:ClInclude>
    <ns0:ClInclude Include="..\src\phEngine\Engine\targetver.h">
      <ns0:Filter>Engine</ns0:Filter>
    </ns0:ClInclude>
    <ns0:ClInclude Include="..\src\phEngine\Engine\Texture.h">
      <ns0:Filter>Engine</ns0:Filter>
    </ns0:ClInclude>
    <ns0:ClInclude Include="..\src\phEngine\Engine\TypesFwdDecl.h">
      <ns0:Filter>Engine</ns0:Filter>
    </ns0:ClInclude>
    <ns0:ClInclude Include="..\src\phEngine\Engine\Utils.h">
      <ns0:Filter>Engine</ns0:Filter>
    </ns0:ClInclude>
    <ns0:ClInclude Include="..\src\phEngine\Engine\Vector.h">
      <ns0:Filter>Engine</ns0:Filter>
    </ns0:ClInclude>
    <ns0:ClInclude Include="..\src\phEngine\Engine\Vertex.h">
      <ns0:Filter>Engine</ns0:Filter>
    </ns0:ClInclude>
    <ns0:ClInclude Include="..\src\phEngine\Engine\XForm.h">
      <ns0:Filter>Engine</ns0:Filter>
    </ns0:ClInclude>
    <ns0:ClInclude Include="..\src\phEngine\Game\Actor.h">
      <ns0:Filter>Game</ns0:Filter>
    </ns0:ClInclude>
    <ns0:ClInclude Include="..\src\phEngine\Game\ActorManager.h">
      <ns0:Filter>Game</ns0:Filter>
    </ns0:ClInclude>
    <ns0:ClInclude Include="..\src\phEngine\game\scripting\ActorScript.h">
      <ns0:Filter>Game</ns0:Filter>
    </ns0:ClInclude>
  </ns0:ItemGroup>
  <ns0:ItemGroup>
    <ns0:Filter Include="Application">
      <ns0:UniqueIdentifier>{951b3015-148e-4a72-873c-fc4e0cc0700a}</ns0:UniqueIdentifier>
    </ns0:Filter>
    <ns0:Filter Include="Engine">
      <ns0:UniqueIdentifier>{9fc3da05-36c1-425d-9781-a89aab2567d9}</ns0:UniqueIdentifier>
    </ns0:Filter>
    <ns0:Filter Include="Game">
      <ns0:UniqueIdentifier>{139b2ea2-0b9f-46f1-8eb5-17113a8c48e1}</ns0:UniqueIdentifier>
    </ns0:Filter>
  </ns0:ItemGroup>
  <ns0:ItemGroup>
    <ns0:ClCompile Include="..\src\phEngine\Application\Controller.cpp">
      <ns0:Filter>Application</ns0:Filter>
    </ns0:ClCompile>
    <ns0:ClCompile Include="..\src\phEngine\engine\animation\AnimationComponent.cpp">
      <ns0:Filter>Engine</ns0:Filter>
    </ns0:ClCompile>
    <ns0:ClCompile Include="..\src\phEngine\engine\camera\Camera.cpp">
      <ns0:Filter>Engine</ns0:Filter>
    </ns0:ClCompile>
    <ns0:ClCompile Include="..\src\phEngine\engine\camera\Collision.cpp">
      <ns0:Filter>Engine</ns0:Filter>
    </ns0:ClCompile>
    <ns0:ClCompile Include="..\src\phEngine\Engine\DXShaders.cpp">
      <ns0:Filter>Engine</ns0:Filter>
    </ns0:ClCompile>
    <ns0:ClCompile Include="..\src\phEngine\Engine\GameMaster.cpp">
      <ns0:Filter>Engine</ns0:Filter>
    </ns0:ClCompile>
    <ns0:ClCompile Include="..\src\phEngine\application\InputManager.cpp">
      <ns0:Filter>Engine</ns0:Filter>
    </ns0:ClCompile>
    <ns0:ClCompile Include="..\src\phEngine\game\scripting\Instruction.cpp">
      <ns0:Filter>Engine</ns0:Filter>
    </ns0:ClCompile>
    <ns0:ClCompile Include="..\src\phEngine\Engine\json.cpp">
      <ns0:Filter>Engine</ns0:Filter>
    </ns0:ClCompile>
    <ns0:ClCompile Include="..\src\phEngine\Engine\Mesh.cpp">
      <ns0:Filter>Engine</ns0:Filter>
    </ns0:ClCompile>
    <ns0:ClCompile Include="..\src\phEngine\Engine\phEngine.cpp">
      <ns0:Filter>Engine</ns0:Filter>
    </ns0:ClCompile>
    <ns0:ClCompile Include="..\src\phEngine\Engine\Renderer.cpp">
      <ns0:Filter>Engine</ns0:Filter>
    </ns0:ClCompile>
    <ns0:ClCompile Include="..\src\phEngine\Engine\Shapes.cpp">
      <ns0:Filter>Engine</ns0:Filter>
    </ns0:ClCompile>
    <ns0:ClCompile Include="..\src\phEngine\Engine\stdafx.cpp">
      <ns0:Filter>Engine</ns0:Filter>
    </ns0:ClCompile>
    <ns0:ClCompile Include="..\src\phEngine\Engine\Texture.cpp">
      <ns0:Filter>Engine</ns0:Filter>
    </ns0:ClCompile>
    <ns0:ClCompile Include="..\src\phEngine\Engine\Utils.cpp">
      <ns0:Filter>Engine</ns0:Filter>
    </ns0:ClCompile>
    <ns0:ClCompile Include="..\src\phEngine\Engine\Vector.cpp">
      <ns0:Filter>Engine</ns0:Filter>
    </ns0:ClCompile>
    <ns0:ClCompile Include="..\src\phEngine\Engine\Vertex.cpp">
      <ns0:Filter>Engine</ns0:Filter>
    </ns0:ClCompile>
    <ns0:ClCompile Include="..\src\phEngine\Game\Actor.cpp">
      <ns0:Filter>Game</ns0:Filter>
    </ns0:ClCompile>
    <ns0:ClCompile Include="..\src\phEngine\Game\ActorManager.cpp">
      <ns0:Filter>Game</ns0:Filter>
    </ns0:ClCompile>
    <ns0:ClCompile Include="..\src\phEngine\game\scripting\ActorScript.cpp">
      <ns0:Filter>Game</ns0:Filter>
    </ns0:ClCompile>
  </ns0:ItemGroup>
</ns0:Project>