<ns0:Project xmlns:ns0="http://schemas.microsoft.com/developer/msbuild/2003" ToolsVersion="4.0">
  <ns0:ItemGroup>
    <ns0:Filter Include="Source Files">
      <ns0:UniqueIdentifier>{4FC737F1-C7A5-4376-A066-2A32D752A2FF}</ns0:UniqueIdentifier>
      <ns0:Extensions>cpp;c;cc;cxx;def;odl;idl;hpj;bat;asm;asmx</ns0:Extensions>
    </ns0:Filter>
  </ns0:ItemGroup>
  <ns0:ItemGroup>
    <ns0:ClCompile Include="..\src\tests\main.cpp">
      <ns0:Filter>Source Files</ns0:Filter>
    </ns0:ClCompile>
  </ns0:ItemGroup>
</ns0:Project>