<?xml version="1.0" encoding="utf-8"?>
<Project ToolsVersion="4.0" xmlns="http://schemas.microsoft.com/developer/msbuild/2003">
  <ItemGroup>
    <Filter Include="Windows">
      <UniqueIdentifier>{d4fd8792-998d-47a3-8d01-63b0d917173e}</UniqueIdentifier>
    </Filter>
    <Filter Include="Windows\Source Files">
      <UniqueIdentifier>{4FC737F1-C7A5-4376-A066-2A32D752A2FF}</UniqueIdentifier>
      <Extensions>cpp;c;cc;cxx;def;odl;idl;hpj;bat;asm;asmx</Extensions>
    </Filter>
    <Filter Include="Windows\Resource Files">
      <UniqueIdentifier>{67DA6AB6-F800-4c08-8B7A-83BB121AAD01}</UniqueIdentifier>
      <Extensions>rc;ico;cur;bmp;dlg;rc2;rct;bin;rgs;gif;jpg;jpeg;jpe;resx;tiff;tif;png;wav;mfcribbon-ms</Extensions>
    </Filter>
    <Filter Include="Windows\Header Files">
      <UniqueIdentifier>{93995380-89BD-4b04-88EB-625FBE52EBFB}</UniqueIdentifier>
      <Extensions>h;hpp;hxx;hm;inl;inc;xsd</Extensions>
    </Filter>
    <Filter Include="Engine">
      <UniqueIdentifier>{05b15916-0bec-4a23-b7e5-85eb44542c49}</UniqueIdentifier>
    </Filter>
    <Filter Include="Shaders">
      <UniqueIdentifier>{e9f27a00-43ba-45f1-95aa-0016045bcb81}</UniqueIdentifier>
    </Filter>
    <Filter Include="Engine\Control">
      <UniqueIdentifier>{5b0e69fe-7369-4970-a699-b12ca1295d9e}</UniqueIdentifier>
    </Filter>
    <Filter Include="Engine\Math">
      <UniqueIdentifier>{64dcc361-90e0-4d73-b8be-dd4097b03e47}</UniqueIdentifier>
    </Filter>
    <Filter Include="Engine\Rendering">
      <UniqueIdentifier>{aea960cd-63af-4d9b-b30c-7feefaa1ce4f}</UniqueIdentifier>
    </Filter>
    <Filter Include="Engine\Rendering\Meshes">
      <UniqueIdentifier>{7b082f50-8520-429e-bab0-0d5662693c39}</UniqueIdentifier>
    </Filter>
    <Filter Include="Engine\Animation">
      <UniqueIdentifier>{69ae2976-1e9a-44f9-b749-e5ace26803a7}</UniqueIdentifier>
    </Filter>
    <Filter Include="Engine\JSON">
      <UniqueIdentifier>{752c9ef9-7d06-42d6-bb4a-0b898ee2b1c6}</UniqueIdentifier>
    </Filter>
  </ItemGroup>
  <ItemGroup>
    <None Include="ReadMe.txt" />
    <None Include="small.ico">
      <Filter>Windows\Resource Files</Filter>
    </None>
    <None Include="phEngine.ico">
      <Filter>Windows\Resource Files</Filter>
    </None>
    <None Include="Default.fx">
      <Filter>Shaders</Filter>
    </None>
  </ItemGroup>
  <ItemGroup>
    <ClInclude Include="stdafx.h">
      <Filter>Windows\Header Files</Filter>
    </ClInclude>
    <ClInclude Include="targetver.h">
      <Filter>Windows\Header Files</Filter>
    </ClInclude>
    <ClInclude Include="Resource.h">
      <Filter>Windows\Header Files</Filter>
    </ClInclude>
    <ClInclude Include="phEngine.h">
      <Filter>Windows\Header Files</Filter>
    </ClInclude>
    <ClInclude Include="Camera.h">
      <Filter>Engine</Filter>
    </ClInclude>
    <ClInclude Include="Helper.h">
      <Filter>Engine</Filter>
    </ClInclude>
    <ClInclude Include="Actor.h">
      <Filter>Engine</Filter>
    </ClInclude>
    <ClInclude Include="Controller.h">
      <Filter>Engine\Control</Filter>
    </ClInclude>
    <ClInclude Include="XForm.h">
      <Filter>Engine\Math</Filter>
    </ClInclude>
    <ClInclude Include="Vector.h">
      <Filter>Engine\Math</Filter>
    </ClInclude>
    <ClInclude Include="Texture.h">
      <Filter>Engine\Rendering</Filter>
    </ClInclude>
    <ClInclude Include="Vertex.h">
      <Filter>Engine\Rendering</Filter>
    </ClInclude>
    <ClInclude Include="IRenderer.h">
      <Filter>Engine\Rendering</Filter>
    </ClInclude>
    <ClInclude Include="TypesFwdDecl.h">
      <Filter>Engine\Rendering</Filter>
    </ClInclude>
    <ClInclude Include="Renderer.h">
      <Filter>Engine\Rendering</Filter>
    </ClInclude>
    <ClInclude Include="DXTexture.h">
      <Filter>Engine\Rendering</Filter>
    </ClInclude>
    <ClInclude Include="Mesh.h">
      <Filter>Engine\Rendering\Meshes</Filter>
    </ClInclude>
    <ClInclude Include="Animation.h">
      <Filter>Engine\Animation</Filter>
    </ClInclude>
    <ClInclude Include="AnimationComponent.h">
      <Filter>Engine\Animation</Filter>
    </ClInclude>
    <ClInclude Include="AnimationManager.h">
      <Filter>Engine\Animation</Filter>
    </ClInclude>
    <ClInclude Include="json.h">
      <Filter>Engine\JSON</Filter>
    </ClInclude>
  </ItemGroup>
  <ItemGroup>
    <ClCompile Include="stdafx.cpp">
      <Filter>Windows\Source Files</Filter>
    </ClCompile>
    <ClCompile Include="phEngine.cpp">
      <Filter>Windows\Source Files</Filter>
    </ClCompile>
    <ClCompile Include="Camera.cpp">
      <Filter>Engine</Filter>
    </ClCompile>
    <ClCompile Include="Controller.cpp">
      <Filter>Engine\Control</Filter>
    </ClCompile>
    <ClCompile Include="Actor.cpp">
      <Filter>Engine</Filter>
    </ClCompile>
    <ClCompile Include="Texture.cpp">
      <Filter>Engine\Rendering</Filter>
    </ClCompile>
    <ClCompile Include="Vertex.cpp">
      <Filter>Engine\Rendering</Filter>
    </ClCompile>
    <ClCompile Include="Renderer.cpp">
      <Filter>Engine\Rendering</Filter>
    </ClCompile>
    <ClCompile Include="Mesh.cpp">
      <Filter>Engine\Rendering\Meshes</Filter>
    </ClCompile>
    <ClCompile Include="Vector.cpp">
      <Filter>Engine\Math</Filter>
    </ClCompile>
    <ClCompile Include="AnimationComponent.cpp">
      <Filter>Engine\Animation</Filter>
    </ClCompile>
    <ClCompile Include="Animation.cpp">
      <Filter>Engine\Animation</Filter>
    </ClCompile>
    <ClCompile Include="AnimationManager.cpp">
      <Filter>Engine\Animation</Filter>
    </ClCompile>
    <ClCompile Include="json.cpp">
      <Filter>Engine\JSON</Filter>
    </ClCompile>
  </ItemGroup>
  <ItemGroup>
    <ResourceCompile Include="phEngine.rc">
      <Filter>Windows\Resource Files</Filter>
    </ResourceCompile>
  </ItemGroup>
</Project>